Microsoft Visual Studio Solution File, Format Version 12.00
# Visual Studio 15
VisualStudioVersion = 15.0.27703.2042
MinimumVisualStudioVersion = 10.0.40219.1
Project("{FAE04EC0-301F-11D3-BF4B-00C04F79EFBC}") = "MySolution.Module", "MySolution.Module\MySolution.Module.csproj", "{4C166931-9D66-484D-BF2A-09D3E220E93D}"
EndProject
Project("{FAE04EC0-301F-11D3-BF4B-00C04F79EFBC}") = "MySolution.Win", "MySolution.Win\MySolution.Win.csproj", "{6D2323B1-9092-4433-BEA0-C910BC134126}"
EndProject
Project("{FAE04EC0-301F-11D3-BF4B-00C04F79EFBC}") = "MySolution.Module.D2", "MySolution.Module.D2\MySolution.Module.D2.csproj", "{F1721C30-A4D0-4B77-9341-2BC38A1818B5}"
EndProject
Project("{FAE04EC0-301F-11D3-BF4B-00C04F79EFBC}") = "MySolution.Api", "MySolution.Api\MySolution.Api.csproj", "{8744D0F9-80EC-44B4-BF0D-9F37283C6999}"
EndProject
Project("{FAE04EC0-301F-11D3-BF4B-00C04F79EFBC}") = "MySolution.Service", "MySolution.Service\MySolution.Service.csproj", "{F98B2794-626C-4B6D-8296-AD0425D911B8}"
EndProject
Project("{FAE04EC0-301F-11D3-BF4B-00C04F79EFBC}") = "MySolution.D2.Data", "MySolution.D2.Data\MySolution.D2.Data.csproj", "{902844D6-EF54-470B-86AC-2BDE18834FDF}"
EndProject
Global
	GlobalSection(SolutionConfigurationPlatforms) = preSolution
		Debug|Any CPU = Debug|Any CPU
		EasyTest|Any CPU = EasyTest|Any CPU
		Release|Any CPU = Release|Any CPU
	EndGlobalSection
	GlobalSection(ProjectConfigurationPlatforms) = postSolution
		{4C166931-9D66-484D-BF2A-09D3E220E93D}.Debug|Any CPU.ActiveCfg = Debug|Any CPU
		{4C166931-9D66-484D-BF2A-09D3E220E93D}.Debug|Any CPU.Build.0 = Debug|Any CPU
		{4C166931-9D66-484D-BF2A-09D3E220E93D}.EasyTest|Any CPU.ActiveCfg = EasyTest|Any CPU
		{4C166931-9D66-484D-BF2A-09D3E220E93D}.EasyTest|Any CPU.Build.0 = EasyTest|Any CPU
		{4C166931-9D66-484D-BF2A-09D3E220E93D}.Release|Any CPU.ActiveCfg = Release|Any CPU
		{4C166931-9D66-484D-BF2A-09D3E220E93D}.Release|Any CPU.Build.0 = Release|Any CPU
		{6D2323B1-9092-4433-BEA0-C910BC134126}.Debug|Any CPU.ActiveCfg = Debug|Any CPU
		{6D2323B1-9092-4433-BEA0-C910BC134126}.Debug|Any CPU.Build.0 = Debug|Any CPU
		{6D2323B1-9092-4433-BEA0-C910BC134126}.EasyTest|Any CPU.ActiveCfg = EasyTest|Any CPU
		{6D2323B1-9092-4433-BEA0-C910BC134126}.EasyTest|Any CPU.Build.0 = EasyTest|Any CPU
		{6D2323B1-9092-4433-BEA0-C910BC134126}.Release|Any CPU.ActiveCfg = Release|Any CPU
		{6D2323B1-9092-4433-BEA0-C910BC134126}.Release|Any CPU.Build.0 = Release|Any CPU
		{F1721C30-A4D0-4B77-9341-2BC38A1818B5}.Debug|Any CPU.ActiveCfg = Debug|Any CPU
		{F1721C30-A4D0-4B77-9341-2BC38A1818B5}.Debug|Any CPU.Build.0 = Debug|Any CPU
		{F1721C30-A4D0-4B77-9341-2BC38A1818B5}.EasyTest|Any CPU.ActiveCfg = Release|Any CPU
		{F1721C30-A4D0-4B77-9341-2BC38A1818B5}.EasyTest|Any CPU.Build.0 = Release|Any CPU
		{F1721C30-A4D0-4B77-9341-2BC38A1818B5}.Release|Any CPU.ActiveCfg = Release|Any CPU
		{F1721C30-A4D0-4B77-9341-2BC38A1818B5}.Release|Any CPU.Build.0 = Release|Any CPU
		{8744D0F9-80EC-44B4-BF0D-9F37283C6999}.Debug|Any CPU.ActiveCfg = Debug|Any CPU
		{8744D0F9-80EC-44B4-BF0D-9F37283C6999}.Debug|Any CPU.Build.0 = Debug|Any CPU
		{8744D0F9-80EC-44B4-BF0D-9F37283C6999}.EasyTest|Any CPU.ActiveCfg = Release|Any CPU
		{8744D0F9-80EC-44B4-BF0D-9F37283C6999}.EasyTest|Any CPU.Build.0 = Release|Any CPU
		{8744D0F9-80EC-44B4-BF0D-9F37283C6999}.Release|Any CPU.ActiveCfg = Release|Any CPU
		{8744D0F9-80EC-44B4-BF0D-9F37283C6999}.Release|Any CPU.Build.0 = Release|Any CPU
		{F98B2794-626C-4B6D-8296-AD0425D911B8}.Debug|Any CPU.ActiveCfg = Debug|Any CPU
		{F98B2794-626C-4B6D-8296-AD0425D911B8}.Debug|Any CPU.Build.0 = Debug|Any CPU
		{F98B2794-626C-4B6D-8296-AD0425D911B8}.EasyTest|Any CPU.ActiveCfg = Release|Any CPU
		{F98B2794-626C-4B6D-8296-AD0425D911B8}.EasyTest|Any CPU.Build.0 = Release|Any CPU
		{F98B2794-626C-4B6D-8296-AD0425D911B8}.Release|Any CPU.ActiveCfg = Release|Any CPU
		{F98B2794-626C-4B6D-8296-AD0425D911B8}.Release|Any CPU.Build.0 = Release|Any CPU
		{902844D6-EF54-470B-86AC-2BDE18834FDF}.Debug|Any CPU.ActiveCfg = Debug|Any CPU
		{902844D6-EF54-470B-86AC-2BDE18834FDF}.Debug|Any CPU.Build.0 = Debug|Any CPU
		{902844D6-EF54-470B-86AC-2BDE18834FDF}.EasyTest|Any CPU.ActiveCfg = Release|Any CPU
		{902844D6-EF54-470B-86AC-2BDE18834FDF}.EasyTest|Any CPU.Build.0 = Release|Any CPU
		{902844D6-EF54-470B-86AC-2BDE18834FDF}.Release|Any CPU.ActiveCfg = Release|Any CPU
		{902844D6-EF54-470B-86AC-2BDE18834FDF}.Release|Any CPU.Build.0 = Release|Any CPU
	EndGlobalSection
	GlobalSection(SolutionProperties) = preSolution
		HideSolutionNode = FALSE
	EndGlobalSection
	GlobalSection(ExtensibilityGlobals) = postSolution
		SolutionGuid = {056FC2C3-9C9E-4358-A978-E5D59EC52842}
	EndGlobalSection
EndGlobal
