Microsoft Visual Studio Solution File, Format Version 12.00
# Visual Studio 15
VisualStudioVersion = 15.0.27703.2042
MinimumVisualStudioVersion = 10.0.40219.1
Project("{FAE04EC0-301F-11D3-BF4B-00C04F79EFBC}") = "MySolution.Module", "MySolution.Module\MySolution.Module.csproj", "{4C166931-9D66-484D-BF2A-09D3E220E93D}"
EndProject
Project("{FAE04EC0-301F-11D3-BF4B-00C04F79EFBC}") = "MySolution.Win", "MySolution.Win\MySolution.Win.csproj", "{6D2323B1-9092-4433-BEA0-C910BC134126}"
EndProject
Project("{FAE04EC0-301F-11D3-BF4B-00C04F79EFBC}") = "MySolution.Module.D2", "MySolution.Module.D2\MySolution.Module.D2.csproj", "{F1721C30-A4D0-4B77-9341-2BC38A1818B5}"
EndProject
Global
	GlobalSection(SolutionConfigurationPlatforms) = preSolution
		Debug|Any CPU = Debug|Any CPU
		EasyTest|Any CPU = EasyTest|Any CPU
		Release|Any CPU = Release|Any CPU
	EndGlobalSection
	GlobalSection(ProjectConfigurationPlatforms) = postSolution
		{4C166931-9D66-484D-BF2A-09D3E220E93D}.Debug|Any CPU.ActiveCfg = Debug|Any CPU
		{4C166931-9D66-484D-BF2A-09D3E220E93D}.Debug|Any CPU.Build.0 = Debug|Any CPU
		{4C166931-9D66-484D-BF2A-09D3E220E93D}.EasyTest|Any CPU.ActiveCfg = EasyTest|Any CPU
		{4C166931-9D66-484D-BF2A-09D3E220E93D}.EasyTest|Any CPU.Build.0 = EasyTest|Any CPU
		{4C166931-9D66-484D-BF2A-09D3E220E93D}.Release|Any CPU.ActiveCfg = Release|Any CPU
		{4C166931-9D66-484D-BF2A-09D3E220E93D}.Release|Any CPU.Build.0 = Release|Any CPU
		{6D2323B1-9092-4433-BEA0-C910BC134126}.Debug|Any CPU.ActiveCfg = Debug|Any CPU
		{6D2323B1-9092-4433-BEA0-C910BC134126}.Debug|Any CPU.Build.0 = Debug|Any CPU
		{6D2323B1-9092-4433-BEA0-C910BC134126}.EasyTest|Any CPU.ActiveCfg = EasyTest|Any CPU
		{6D2323B1-9092-4433-BEA0-C910BC134126}.EasyTest|Any CPU.Build.0 = EasyTest|Any CPU
		{6D2323B1-9092-4433-BEA0-C910BC134126}.Release|Any CPU.ActiveCfg = Release|Any CPU
		{6D2323B1-9092-4433-BEA0-C910BC134126}.Release|Any CPU.Build.0 = Release|Any CPU
		{F1721C30-A4D0-4B77-9341-2BC38A1818B5}.Debug|Any CPU.ActiveCfg = Debug|Any CPU
		{F1721C30-A4D0-4B77-9341-2BC38A1818B5}.Debug|Any CPU.Build.0 = Debug|Any CPU
		{F1721C30-A4D0-4B77-9341-2BC38A1818B5}.EasyTest|Any CPU.ActiveCfg = Release|Any CPU
		{F1721C30-A4D0-4B77-9341-2BC38A1818B5}.EasyTest|Any CPU.Build.0 = Release|Any CPU
		{F1721C30-A4D0-4B77-9341-2BC38A1818B5}.Release|Any CPU.ActiveCfg = Release|Any CPU
		{F1721C30-A4D0-4B77-9341-2BC38A1818B5}.Release|Any CPU.Build.0 = Release|Any CPU
	EndGlobalSection
	GlobalSection(SolutionProperties) = preSolution
		HideSolutionNode = FALSE
	EndGlobalSection
	GlobalSection(ExtensibilityGlobals) = postSolution
		SolutionGuid = {056FC2C3-9C9E-4358-A978-E5D59EC52842}
	EndGlobalSection
EndGlobal
